// !$*UTF8*$!
{
	archiveVersion = 1;
	classes = {
	};
	objectVersion = 56;
	objects = {

/* Begin PBXBuildFile section */
		4A7D252D290EBC3900280319 /* AppDelegate.swift in Sources */ = {isa = PBXBuildFile; fileRef = 4A7D252C290EBC3900280319 /* AppDelegate.swift */; };
		4A7D252F290EBC3900280319 /* SceneDelegate.swift in Sources */ = {isa = PBXBuildFile; fileRef = 4A7D252E290EBC3900280319 /* SceneDelegate.swift */; };
		4A7D2531290EBC3900280319 /* ViewController.swift in Sources */ = {isa = PBXBuildFile; fileRef = 4A7D2530290EBC3900280319 /* ViewController.swift */; };
		4A7D2534290EBC3900280319 /* Main.storyboard in Resources */ = {isa = PBXBuildFile; fileRef = 4A7D2532290EBC3900280319 /* Main.storyboard */; };
		4A7D2536290EBC3A00280319 /* Assets.xcassets in Resources */ = {isa = PBXBuildFile; fileRef = 4A7D2535290EBC3A00280319 /* Assets.xcassets */; };
		4A7D2539290EBC3A00280319 /* LaunchScreen.storyboard in Resources */ = {isa = PBXBuildFile; fileRef = 4A7D2537290EBC3A00280319 /* LaunchScreen.storyboard */; };
		831236F1695B1B1B73D17F23 /* Pods_WP_MONITERING.framework in Frameworks */ = {isa = PBXBuildFile; fileRef = 5A51AABDA60FCBD3E5D550C9 /* Pods_WP_MONITERING.framework */; };
/* End PBXBuildFile section */

/* Begin PBXFileReference section */
		4A7D2529290EBC3900280319 /* WP_MONITERING.app */ = {isa = PBXFileReference; explicitFileType = wrapper.application; includeInIndex = 0; path = WP_MONITERING.app; sourceTree = BUILT_PRODUCTS_DIR; };
		4A7D252C290EBC3900280319 /* AppDelegate.swift */ = {isa = PBXFileReference; lastKnownFileType = sourcecode.swift; path = AppDelegate.swift; sourceTree = "<group>"; };
		4A7D252E290EBC3900280319 /* SceneDelegate.swift */ = {isa = PBXFileReference; lastKnownFileType = sourcecode.swift; path = SceneDelegate.swift; sourceTree = "<group>"; };
		4A7D2530290EBC3900280319 /* ViewController.swift */ = {isa = PBXFileReference; lastKnownFileType = sourcecode.swift; path = ViewController.swift; sourceTree = "<group>"; };
		4A7D2533290EBC3900280319 /* Base */ = {isa = PBXFileReference; lastKnownFileType = file.storyboard; name = Base; path = Base.lproj/Main.storyboard; sourceTree = "<group>"; };
		4A7D2535290EBC3A00280319 /* Assets.xcassets */ = {isa = PBXFileReference; lastKnownFileType = folder.assetcatalog; path = Assets.xcassets; sourceTree = "<group>"; };
		4A7D2538290EBC3A00280319 /* Base */ = {isa = PBXFileReference; lastKnownFileType = file.storyboard; name = Base; path = Base.lproj/LaunchScreen.storyboard; sourceTree = "<group>"; };
		4A7D253A290EBC3A00280319 /* Info.plist */ = {isa = PBXFileReference; lastKnownFileType = text.plist.xml; path = Info.plist; sourceTree = "<group>"; };
		540DE2B494BF02B55D2C06BD /* Pods-WP_MONITERING.debug.xcconfig */ = {isa = PBXFileReference; includeInIndex = 1; lastKnownFileType = text.xcconfig; name = "Pods-WP_MONITERING.debug.xcconfig"; path = "Target Support Files/Pods-WP_MONITERING/Pods-WP_MONITERING.debug.xcconfig"; sourceTree = "<group>"; };
		5A51AABDA60FCBD3E5D550C9 /* Pods_WP_MONITERING.framework */ = {isa = PBXFileReference; explicitFileType = wrapper.framework; includeInIndex = 0; path = Pods_WP_MONITERING.framework; sourceTree = BUILT_PRODUCTS_DIR; };
		BECFC2F2592832614B0080D7 /* Pods-WP_MONITERING.release.xcconfig */ = {isa = PBXFileReference; includeInIndex = 1; lastKnownFileType = text.xcconfig; name = "Pods-WP_MONITERING.release.xcconfig"; path = "Target Support Files/Pods-WP_MONITERING/Pods-WP_MONITERING.release.xcconfig"; sourceTree = "<group>"; };
/* End PBXFileReference section */

/* Begin PBXFrameworksBuildPhase section */
		4A7D2526290EBC3900280319 /* Frameworks */ = {
			isa = PBXFrameworksBuildPhase;
			buildActionMask = 2147483647;
			files = (
				831236F1695B1B1B73D17F23 /* Pods_WP_MONITERING.framework in Frameworks */,
			);
			runOnlyForDeploymentPostprocessing = 0;
		};
/* End PBXFrameworksBuildPhase section */

/* Begin PBXGroup section */
		4A7D2520290EBC3900280319 = {
			isa = PBXGroup;
			children = (
				4A7D252B290EBC3900280319 /* WP_MONITERING */,
				4A7D252A290EBC3900280319 /* Products */,
				E42DFE0A84F939DC201621DB /* Pods */,
				FFFE4CE1FE5ACF051EAE7979 /* Frameworks */,
			);
			sourceTree = "<group>";
		};
		4A7D252A290EBC3900280319 /* Products */ = {
			isa = PBXGroup;
			children = (
				4A7D2529290EBC3900280319 /* WP_MONITERING.app */,
			);
			name = Products;
			sourceTree = "<group>";
		};
		4A7D252B290EBC3900280319 /* WP_MONITERING */ = {
			isa = PBXGroup;
			children = (
				4A7D252C290EBC3900280319 /* AppDelegate.swift */,
				4A7D252E290EBC3900280319 /* SceneDelegate.swift */,
				4A7D2530290EBC3900280319 /* ViewController.swift */,
				4A7D2532290EBC3900280319 /* Main.storyboard */,
				4A7D2535290EBC3A00280319 /* Assets.xcassets */,
				4A7D2537290EBC3A00280319 /* LaunchScreen.storyboard */,
				4A7D253A290EBC3A00280319 /* Info.plist */,
			);
			path = WP_MONITERING;
			sourceTree = "<group>";
		};
		E42DFE0A84F939DC201621DB /* Pods */ = {
			isa = PBXGroup;
			children = (
				540DE2B494BF02B55D2C06BD /* Pods-WP_MONITERING.debug.xcconfig */,
				BECFC2F2592832614B0080D7 /* Pods-WP_MONITERING.release.xcconfig */,
			);
			name = Pods;
			path = Pods;
			sourceTree = "<group>";
		};
		FFFE4CE1FE5ACF051EAE7979 /* Frameworks */ = {
			isa = PBXGroup;
			children = (
				5A51AABDA60FCBD3E5D550C9 /* Pods_WP_MONITERING.framework */,
			);
			name = Frameworks;
			sourceTree = "<group>";
		};
/* End PBXGroup section */

/* Begin PBXNativeTarget section */
		4A7D2528290EBC3900280319 /* WP_MONITERING */ = {
			isa = PBXNativeTarget;
			buildConfigurationList = 4A7D253D290EBC3A00280319 /* Build configuration list for PBXNativeTarget "WP_MONITERING" */;
			buildPhases = (
				E4C3B2353F58FC6EAEE08127 /* [CP] Check Pods Manifest.lock */,
				4A7D2525290EBC3900280319 /* Sources */,
				4A7D2526290EBC3900280319 /* Frameworks */,
				4A7D2527290EBC3900280319 /* Resources */,
			);
			buildRules = (
			);
			dependencies = (
			);
			name = WP_MONITERING;
			productName = WP_MONITERING;
			productReference = 4A7D2529290EBC3900280319 /* WP_MONITERING.app */;
			productType = "com.apple.product-type.application";
		};
/* End PBXNativeTarget section */

/* Begin PBXProject section */
		4A7D2521290EBC3900280319 /* Project object */ = {
			isa = PBXProject;
			attributes = {
				BuildIndependentTargetsInParallel = 1;
				LastSwiftUpdateCheck = 1400;
				LastUpgradeCheck = 1400;
				TargetAttributes = {
					4A7D2528290EBC3900280319 = {
						CreatedOnToolsVersion = 14.0.1;
					};
				};
			};
			buildConfigurationList = 4A7D2524290EBC3900280319 /* Build configuration list for PBXProject "WP_MONITERING" */;
			compatibilityVersion = "Xcode 14.0";
			developmentRegion = en;
			hasScannedForEncodings = 0;
			knownRegions = (
				en,
				Base,
			);
			mainGroup = 4A7D2520290EBC3900280319;
			productRefGroup = 4A7D252A290EBC3900280319 /* Products */;
			projectDirPath = "";
			projectRoot = "";
			targets = (
				4A7D2528290EBC3900280319 /* WP_MONITERING */,
			);
		};
/* End PBXProject section */

/* Begin PBXResourcesBuildPhase section */
		4A7D2527290EBC3900280319 /* Resources */ = {
			isa = PBXResourcesBuildPhase;
			buildActionMask = 2147483647;
			files = (
				4A7D2539290EBC3A00280319 /* LaunchScreen.storyboard in Resources */,
				4A7D2536290EBC3A00280319 /* Assets.xcassets in Resources */,
				4A7D2534290EBC3900280319 /* Main.storyboard in Resources */,
			);
			runOnlyForDeploymentPostprocessing = 0;
		};
/* End PBXResourcesBuildPhase section */

/* Begin PBXShellScriptBuildPhase section */
		E4C3B2353F58FC6EAEE08127 /* [CP] Check Pods Manifest.lock */ = {
			isa = PBXShellScriptBuildPhase;
			buildActionMask = 2147483647;
			files = (
			);
			inputFileListPaths = (
			);
			inputPaths = (
				"${PODS_PODFILE_DIR_PATH}/Podfile.lock",
				"${PODS_ROOT}/Manifest.lock",
			);
			name = "[CP] Check Pods Manifest.lock";
			outputFileListPaths = (
			);
			outputPaths = (
				"$(DERIVED_FILE_DIR)/Pods-WP_MONITERING-checkManifestLockResult.txt",
			);
			runOnlyForDeploymentPostprocessing = 0;
			shellPath = /bin/sh;
			shellScript = "diff \"${PODS_PODFILE_DIR_PATH}/Podfile.lock\" \"${PODS_ROOT}/Manifest.lock\" > /dev/null\nif [ $? != 0 ] ; then\n    # print error to STDERR\n    echo \"error: The sandbox is not in sync with the Podfile.lock. Run 'pod install' or update your CocoaPods installation.\" >&2\n    exit 1\nfi\n# This output is used by Xcode 'outputs' to avoid re-running this script phase.\necho \"SUCCESS\" > \"${SCRIPT_OUTPUT_FILE_0}\"\n";
			showEnvVarsInLog = 0;
		};
/* End PBXShellScriptBuildPhase section */

/* Begin PBXSourcesBuildPhase section */
		4A7D2525290EBC3900280319 /* Sources */ = {
			isa = PBXSourcesBuildPhase;
			buildActionMask = 2147483647;
			files = (
				4A7D2531290EBC3900280319 /* ViewController.swift in Sources */,
				4A7D252D290EBC3900280319 /* AppDelegate.swift in Sources */,
				4A7D252F290EBC3900280319 /* SceneDelegate.swift in Sources */,
			);
			runOnlyForDeploymentPostprocessing = 0;
		};
/* End PBXSourcesBuildPhase section */

/* Begin PBXVariantGroup section */
		4A7D2532290EBC3900280319 /* Main.storyboard */ = {
			isa = PBXVariantGroup;
			children = (
				4A7D2533290EBC3900280319 /* Base */,
			);
			name = Main.storyboard;
			sourceTree = "<group>";
		};
		4A7D2537290EBC3A00280319 /* LaunchScreen.storyboard */ = {
			isa = PBXVariantGroup;
			children = (
				4A7D2538290EBC3A00280319 /* Base */,
			);
			name = LaunchScreen.storyboard;
			sourceTree = "<group>";
		};
/* End PBXVariantGroup section */

/* Begin XCBuildConfiguration section */
		4A7D253B290EBC3A00280319 /* Debug */ = {
			isa = XCBuildConfiguration;
			buildSettings = {
				ALWAYS_SEARCH_USER_PATHS = NO;
				CLANG_ANALYZER_NONNULL = YES;
				CLANG_ANALYZER_NUMBER_OBJECT_CONVERSION = YES_AGGRESSIVE;
				CLANG_CXX_LANGUAGE_STANDARD = "gnu++20";
				CLANG_ENABLE_MODULES = YES;
				CLANG_ENABLE_OBJC_ARC = YES;
				CLANG_ENABLE_OBJC_WEAK = YES;
				CLANG_WARN_BLOCK_CAPTURE_AUTORELEASING = YES;
				CLANG_WARN_BOOL_CONVERSION = YES;
				CLANG_WARN_COMMA = YES;
				CLANG_WARN_CONSTANT_CONVERSION = YES;
				CLANG_WARN_DEPRECATED_OBJC_IMPLEMENTATIONS = YES;
				CLANG_WARN_DIRECT_OBJC_ISA_USAGE = YES_ERROR;
				CLANG_WARN_DOCUMENTATION_COMMENTS = YES;
				CLANG_WARN_EMPTY_BODY = YES;
				CLANG_WARN_ENUM_CONVERSION = YES;
				CLANG_WARN_INFINITE_RECURSION = YES;
				CLANG_WARN_INT_CONVERSION = YES;
				CLANG_WARN_NON_LITERAL_NULL_CONVERSION = YES;
				CLANG_WARN_OBJC_IMPLICIT_RETAIN_SELF = YES;
				CLANG_WARN_OBJC_LITERAL_CONVERSION = YES;
				CLANG_WARN_OBJC_ROOT_CLASS = YES_ERROR;
				CLANG_WARN_QUOTED_INCLUDE_IN_FRAMEWORK_HEADER = YES;
				CLANG_WARN_RANGE_LOOP_ANALYSIS = YES;
				CLANG_WARN_STRICT_PROTOTYPES = YES;
				CLANG_WARN_SUSPICIOUS_MOVE = YES;
				CLANG_WARN_UNGUARDED_AVAILABILITY = YES_AGGRESSIVE;
				CLANG_WARN_UNREACHABLE_CODE = YES;
				CLANG_WARN__DUPLICATE_METHOD_MATCH = YES;
				COPY_PHASE_STRIP = NO;
				DEBUG_INFORMATION_FORMAT = dwarf;
				ENABLE_STRICT_OBJC_MSGSEND = YES;
				ENABLE_TESTABILITY = YES;
				GCC_C_LANGUAGE_STANDARD = gnu11;
				GCC_DYNAMIC_NO_PIC = NO;
				GCC_NO_COMMON_BLOCKS = YES;
				GCC_OPTIMIZATION_LEVEL = 0;
				GCC_PREPROCESSOR_DEFINITIONS = (
					"DEBUG=1",
					"$(inherited)",
				);
				GCC_WARN_64_TO_32_BIT_CONVERSION = YES;
				GCC_WARN_ABOUT_RETURN_TYPE = YES_ERROR;
				GCC_WARN_UNDECLARED_SELECTOR = YES;
				GCC_WARN_UNINITIALIZED_AUTOS = YES_AGGRESSIVE;
				GCC_WARN_UNUSED_FUNCTION = YES;
				GCC_WARN_UNUSED_VARIABLE = YES;
				IPHONEOS_DEPLOYMENT_TARGET = 16.0;
				MTL_ENABLE_DEBUG_INFO = INCLUDE_SOURCE;
				MTL_FAST_MATH = YES;
				ONLY_ACTIVE_ARCH = YES;
				SDKROOT = iphoneos;
				SWIFT_ACTIVE_COMPILATION_CONDITIONS = DEBUG;
				SWIFT_OPTIMIZATION_LEVEL = "-Onone";
			};
			name = Debug;
		};
		4A7D253C290EBC3A00280319 /* Release */ = {
			isa = XCBuildConfiguration;
			buildSettings = {
				ALWAYS_SEARCH_USER_PATHS = NO;
				CLANG_ANALYZER_NONNULL = YES;
				CLANG_ANALYZER_NUMBER_OBJECT_CONVERSION = YES_AGGRESSIVE;
				CLANG_CXX_LANGUAGE_STANDARD = "gnu++20";
				CLANG_ENABLE_MODULES = YES;
				CLANG_ENABLE_OBJC_ARC = YES;
				CLANG_ENABLE_OBJC_WEAK = YES;
				CLANG_WARN_BLOCK_CAPTURE_AUTORELEASING = YES;
				CLANG_WARN_BOOL_CONVERSION = YES;
				CLANG_WARN_COMMA = YES;
				CLANG_WARN_CONSTANT_CONVERSION = YES;
				CLANG_WARN_DEPRECATED_OBJC_IMPLEMENTATIONS = YES;
				CLANG_WARN_DIRECT_OBJC_ISA_USAGE = YES_ERROR;
				CLANG_WARN_DOCUMENTATION_COMMENTS = YES;
				CLANG_WARN_EMPTY_BODY = YES;
				CLANG_WARN_ENUM_CONVERSION = YES;
				CLANG_WARN_INFINITE_RECURSION = YES;
				CLANG_WARN_INT_CONVERSION = YES;
				CLANG_WARN_NON_LITERAL_NULL_CONVERSION = YES;
				CLANG_WARN_OBJC_IMPLICIT_RETAIN_SELF = YES;
				CLANG_WARN_OBJC_LITERAL_CONVERSION = YES;
				CLANG_WARN_OBJC_ROOT_CLASS = YES_ERROR;
				CLANG_WARN_QUOTED_INCLUDE_IN_FRAMEWORK_HEADER = YES;
				CLANG_WARN_RANGE_LOOP_ANALYSIS = YES;
				CLANG_WARN_STRICT_PROTOTYPES = YES;
				CLANG_WARN_SUSPICIOUS_MOVE = YES;
				CLANG_WARN_UNGUARDED_AVAILABILITY = YES_AGGRESSIVE;
				CLANG_WARN_UNREACHABLE_CODE = YES;
				CLANG_WARN__DUPLICATE_METHOD_MATCH = YES;
				COPY_PHASE_STRIP = NO;
				DEBUG_INFORMATION_FORMAT = "dwarf-with-dsym";
				ENABLE_NS_ASSERTIONS = NO;
				ENABLE_STRICT_OBJC_MSGSEND = YES;
				GCC_C_LANGUAGE_STANDARD = gnu11;
				GCC_NO_COMMON_BLOCKS = YES;
				GCC_WARN_64_TO_32_BIT_CONVERSION = YES;
				GCC_WARN_ABOUT_RETURN_TYPE = YES_ERROR;
				GCC_WARN_UNDECLARED_SELECTOR = YES;
				GCC_WARN_UNINITIALIZED_AUTOS = YES_AGGRESSIVE;
				GCC_WARN_UNUSED_FUNCTION = YES;
				GCC_WARN_UNUSED_VARIABLE = YES;
				IPHONEOS_DEPLOYMENT_TARGET = 16.0;
				MTL_ENABLE_DEBUG_INFO = NO;
				MTL_FAST_MATH = YES;
				SDKROOT = iphoneos;
				SWIFT_COMPILATION_MODE = wholemodule;
				SWIFT_OPTIMIZATION_LEVEL = "-O";
				VALIDATE_PRODUCT = YES;
			};
			name = Release;
		};
		4A7D253E290EBC3A00280319 /* Debug */ = {
			isa = XCBuildConfiguration;
			baseConfigurationReference = 540DE2B494BF02B55D2C06BD /* Pods-WP_MONITERING.debug.xcconfig */;
			buildSettings = {
				ASSETCATALOG_COMPILER_APPICON_NAME = AppIcon;
				ASSETCATALOG_COMPILER_GLOBAL_ACCENT_COLOR_NAME = AccentColor;
				CODE_SIGN_STYLE = Automatic;
				CURRENT_PROJECT_VERSION = 1;
				GENERATE_INFOPLIST_FILE = YES;
				INFOPLIST_FILE = WP_MONITERING/Info.plist;
				INFOPLIST_KEY_UIApplicationSupportsIndirectInputEvents = YES;
				INFOPLIST_KEY_UILaunchStoryboardName = LaunchScreen;
				INFOPLIST_KEY_UIMainStoryboardFile = Main;
				INFOPLIST_KEY_UISupportedInterfaceOrientations_iPad = "UIInterfaceOrientationPortrait UIInterfaceOrientationPortraitUpsideDown UIInterfaceOrientationLandscapeLeft UIInterfaceOrientationLandscapeRight";
				INFOPLIST_KEY_UISupportedInterfaceOrientations_iPhone = "UIInterfaceOrientationPortrait UIInterfaceOrientationLandscapeLeft UIInterfaceOrientationLandscapeRight";
				LD_RUNPATH_SEARCH_PATHS = (
					"$(inherited)",
					"@executable_path/Frameworks",
				);
				MARKETING_VERSION = 1.0;
				PRODUCT_BUNDLE_IDENTIFIER = "com.WP-MONITERING";
				PRODUCT_NAME = "$(TARGET_NAME)";
				SWIFT_EMIT_LOC_STRINGS = YES;
				SWIFT_VERSION = 5.0;
				TARGETED_DEVICE_FAMILY = "1,2";
			};
			name = Debug;
		};
		4A7D253F290EBC3A00280319 /* Release */ = {
			isa = XCBuildConfiguration;
			baseConfigurationReference = BECFC2F2592832614B0080D7 /* Pods-WP_MONITERING.release.xcconfig */;
			buildSettings = {
				ASSETCATALOG_COMPILER_APPICON_NAME = AppIcon;
				ASSETCATALOG_COMPILER_GLOBAL_ACCENT_COLOR_NAME = AccentColor;
				CODE_SIGN_STYLE = Automatic;
				CURRENT_PROJECT_VERSION = 1;
				GENERATE_INFOPLIST_FILE = YES;
				INFOPLIST_FILE = WP_MONITERING/Info.plist;
				INFOPLIST_KEY_UIApplicationSupportsIndirectInputEvents = YES;
				INFOPLIST_KEY_UILaunchStoryboardName = LaunchScreen;
				INFOPLIST_KEY_UIMainStoryboardFile = Main;
				INFOPLIST_KEY_UISupportedInterfaceOrientations_iPad = "UIInterfaceOrientationPortrait UIInterfaceOrientationPortraitUpsideDown UIInterfaceOrientationLandscapeLeft UIInterfaceOrientationLandscapeRight";
				INFOPLIST_KEY_UISupportedInterfaceOrientations_iPhone = "UIInterfaceOrientationPortrait UIInterfaceOrientationLandscapeLeft UIInterfaceOrientationLandscapeRight";
				LD_RUNPATH_SEARCH_PATHS = (
					"$(inherited)",
					"@executable_path/Frameworks",
				);
				MARKETING_VERSION = 1.0;
				PRODUCT_BUNDLE_IDENTIFIER = "com.WP-MONITERING";
				PRODUCT_NAME = "$(TARGET_NAME)";
				SWIFT_EMIT_LOC_STRINGS = YES;
				SWIFT_VERSION = 5.0;
				TARGETED_DEVICE_FAMILY = "1,2";
			};
			name = Release;
		};
/* End XCBuildConfiguration section */

/* Begin XCConfigurationList section */
		4A7D2524290EBC3900280319 /* Build configuration list for PBXProject "WP_MONITERING" */ = {
			isa = XCConfigurationList;
			buildConfigurations = (
				4A7D253B290EBC3A00280319 /* Debug */,
				4A7D253C290EBC3A00280319 /* Release */,
			);
			defaultConfigurationIsVisible = 0;
			defaultConfigurationName = Release;
		};
		4A7D253D290EBC3A00280319 /* Build configuration list for PBXNativeTarget "WP_MONITERING" */ = {
			isa = XCConfigurationList;
			buildConfigurations = (
				4A7D253E290EBC3A00280319 /* Debug */,
				4A7D253F290EBC3A00280319 /* Release */,
			);
			defaultConfigurationIsVisible = 0;
			defaultConfigurationName = Release;
		};
/* End XCConfigurationList section */
	};
	rootObject = 4A7D2521290EBC3900280319 /* Project object */;
}
